
Microsoft Visual Studio Solution File, Format Version 12.00
# Visual Studio Version 16
VisualStudioVersion = 16.0.29613.14
MinimumVisualStudioVersion = 10.0.40219.1
Project("{FAE04EC0-301F-11D3-BF4B-00C04F79EFBC}") = "ATM Lab", "ATM Lab\ATM Lab.csproj", "{659980A8-136C-4090-9CAF-97267679E1B0}"
EndProject
Global
	GlobalSection(SolutionConfigurationPlatforms) = preSolution
		Debug|Any CPU = Debug|Any CPU
		Release|Any CPU = Release|Any CPU
	EndGlobalSection
	GlobalSection(ProjectConfigurationPlatforms) = postSolution
		{659980A8-136C-4090-9CAF-97267679E1B0}.Debug|Any CPU.ActiveCfg = Debug|Any CPU
		{659980A8-136C-4090-9CAF-97267679E1B0}.Debug|Any CPU.Build.0 = Debug|Any CPU
		{659980A8-136C-4090-9CAF-97267679E1B0}.Release|Any CPU.ActiveCfg = Release|Any CPU
		{659980A8-136C-4090-9CAF-97267679E1B0}.Release|Any CPU.Build.0 = Release|Any CPU
	EndGlobalSection
	GlobalSection(SolutionProperties) = preSolution
		HideSolutionNode = FALSE
	EndGlobalSection
	GlobalSection(ExtensibilityGlobals) = postSolution
		SolutionGuid = {C52A46F3-D84E-447A-8D46-322193DB95AB}
	EndGlobalSection
EndGlobal
